
Microsoft Visual Studio Solution File, Format Version 12.00
# Visual Studio Version 17
VisualStudioVersion = 17.0.31919.166
MinimumVisualStudioVersion = 10.0.40219.1
Project("{FAE04EC0-301F-11D3-BF4B-00C04F79EFBC}") = "Замена слова в тексте", "Замена слова в тексте\Замена слова в тексте.csproj", "{C9E015E4-828E-444D-BA4C-8916F58E4FB1}"
EndProject
Global
	GlobalSection(SolutionConfigurationPlatforms) = preSolution
		Debug|Any CPU = Debug|Any CPU
		Release|Any CPU = Release|Any CPU
	EndGlobalSection
	GlobalSection(ProjectConfigurationPlatforms) = postSolution
		{C9E015E4-828E-444D-BA4C-8916F58E4FB1}.Debug|Any CPU.ActiveCfg = Debug|Any CPU
		{C9E015E4-828E-444D-BA4C-8916F58E4FB1}.Debug|Any CPU.Build.0 = Debug|Any CPU
		{C9E015E4-828E-444D-BA4C-8916F58E4FB1}.Release|Any CPU.ActiveCfg = Release|Any CPU
		{C9E015E4-828E-444D-BA4C-8916F58E4FB1}.Release|Any CPU.Build.0 = Release|Any CPU
	EndGlobalSection
	GlobalSection(SolutionProperties) = preSolution
		HideSolutionNode = FALSE
	EndGlobalSection
	GlobalSection(ExtensibilityGlobals) = postSolution
		SolutionGuid = {CB9C57CF-2163-4923-8755-6E4897CEBC17}
	EndGlobalSection
EndGlobal
